{
  "version": 4,
  "terraform_version": "1.13.1",
  "serial": 2,
  "lineage": "f65d3e94-05ca-f424-741a-b742325764ff",
  "outputs": {
    "github_oidc_provider_arn": {
      "value": "arn:aws:iam::234139188789:oidc-provider/token.actions.githubusercontent.com",
      "type": "string"
    },
    "github_oidc_provider_url": {
      "value": "https://token.actions.githubusercontent.com",
      "type": "string"
    }
  },
  "resources": [
    {
      "mode": "managed",
      "type": "aws_iam_openid_connect_provider",
      "name": "github",
      "provider": "provider[\"registry.terraform.io/hashicorp/aws\"]",
      "instances": [
        {
          "schema_version": 0,
          "attributes": {
            "arn": "arn:aws:iam::234139188789:oidc-provider/token.actions.githubusercontent.com",
            "client_id_list": [
              "sts.amazonaws.com"
            ],
            "id": "arn:aws:iam::234139188789:oidc-provider/token.actions.githubusercontent.com",
            "tags": {
              "Environment": "shared",
              "ManagedBy": "terraform",
              "Name": "github-actions-oidc-provider",
              "Purpose": "github-actions-authentication"
            },
            "tags_all": {
              "Environment": "shared",
              "ManagedBy": "terraform",
              "Name": "github-actions-oidc-provider",
              "Purpose": "github-actions-authentication"
            },
            "thumbprint_list": [
              "6938fd4d98bab03faadb97b34396831e3780aea1",
              "1c58a3a8518e8759bf075b76b750d4f2df264fcd"
            ],
            "url": "token.actions.githubusercontent.com"
          },
          "sensitive_attributes": [],
          "identity_schema_version": 0,
          "identity": {
            "arn": "arn:aws:iam::234139188789:oidc-provider/token.actions.githubusercontent.com"
          },
          "private": "bnVsbA=="
        }
      ]
    }
  ],
  "check_results": null
}
